
Microsoft Visual Studio Solution File, Format Version 12.00
# Visual Studio 15
VisualStudioVersion = 15.0.28307.539
MinimumVisualStudioVersion = 10.0.40219.1
Project("{FAE04EC0-301F-11D3-BF4B-00C04F79EFBC}") = "UltimoEjercicioFinal", "UltimoEjercicioFinal\UltimoEjercicioFinal.csproj", "{0FEC8F82-3A8D-4E9E-A014-599E469104C2}"
EndProject
Global
	GlobalSection(SolutionConfigurationPlatforms) = preSolution
		Debug|Any CPU = Debug|Any CPU
		Release|Any CPU = Release|Any CPU
	EndGlobalSection
	GlobalSection(ProjectConfigurationPlatforms) = postSolution
		{0FEC8F82-3A8D-4E9E-A014-599E469104C2}.Debug|Any CPU.ActiveCfg = Debug|Any CPU
		{0FEC8F82-3A8D-4E9E-A014-599E469104C2}.Debug|Any CPU.Build.0 = Debug|Any CPU
		{0FEC8F82-3A8D-4E9E-A014-599E469104C2}.Release|Any CPU.ActiveCfg = Release|Any CPU
		{0FEC8F82-3A8D-4E9E-A014-599E469104C2}.Release|Any CPU.Build.0 = Release|Any CPU
	EndGlobalSection
	GlobalSection(SolutionProperties) = preSolution
		HideSolutionNode = FALSE
	EndGlobalSection
	GlobalSection(ExtensibilityGlobals) = postSolution
		SolutionGuid = {EE7BD57C-D055-40DB-B131-E2B30EE47408}
	EndGlobalSection
EndGlobal
